// !$*UTF8*$!
{
	archiveVersion = 1;
	classes = {
	};
	objectVersion = 46;
	objects = {

/* Begin PBXBuildFile section */
		27407EEC14D8787E0035FD7F /* iPad.storyboard in Resources */ = {isa = PBXBuildFile; fileRef = 27407EEB14D8787E0035FD7F /* iPad.storyboard */; };
		27498DCE14E96C75005C043E /* NavigationTopViewController.m in Sources */ = {isa = PBXBuildFile; fileRef = 27498DCD14E96C75005C043E /* NavigationTopViewController.m */; };
		27498DD514E96EEF005C043E /* SampleTableViewController.m in Sources */ = {isa = PBXBuildFile; fileRef = 27498DD414E96EEF005C043E /* SampleTableViewController.m */; };
		2750E77114CDB0DF007727A0 /* UIKit.framework in Frameworks */ = {isa = PBXBuildFile; fileRef = 2750E77014CDB0DF007727A0 /* UIKit.framework */; };
		2750E77314CDB0DF007727A0 /* Foundation.framework in Frameworks */ = {isa = PBXBuildFile; fileRef = 2750E77214CDB0DF007727A0 /* Foundation.framework */; };
		2750E77514CDB0DF007727A0 /* CoreGraphics.framework in Frameworks */ = {isa = PBXBuildFile; fileRef = 2750E77414CDB0DF007727A0 /* CoreGraphics.framework */; };
		2750E77B14CDB0DF007727A0 /* InfoPlist.strings in Resources */ = {isa = PBXBuildFile; fileRef = 2750E77914CDB0DF007727A0 /* InfoPlist.strings */; };
		2750E77D14CDB0DF007727A0 /* main.m in Sources */ = {isa = PBXBuildFile; fileRef = 2750E77C14CDB0DF007727A0 /* main.m */; };
		2750E78114CDB0DF007727A0 /* AppDelegate.m in Sources */ = {isa = PBXBuildFile; fileRef = 2750E78014CDB0DF007727A0 /* AppDelegate.m */; };
		2750E78814CDB114007727A0 /* iPhone.storyboard in Resources */ = {isa = PBXBuildFile; fileRef = 2750E78714CDB114007727A0 /* iPhone.storyboard */; };
		2750E79414CDB93A007727A0 /* MenuViewController.m in Sources */ = {isa = PBXBuildFile; fileRef = 2750E79314CDB93A007727A0 /* MenuViewController.m */; };
		2750E79714CDB959007727A0 /* FirstTopViewController.m in Sources */ = {isa = PBXBuildFile; fileRef = 2750E79614CDB959007727A0 /* FirstTopViewController.m */; };
		2750E79A14CDB99A007727A0 /* SecondTopViewController.m in Sources */ = {isa = PBXBuildFile; fileRef = 2750E79914CDB99A007727A0 /* SecondTopViewController.m */; };
		2750E79D14CDBA48007727A0 /* ThirdTopViewController.m in Sources */ = {isa = PBXBuildFile; fileRef = 2750E79C14CDBA48007727A0 /* ThirdTopViewController.m */; };
		2750E7A014CDBC32007727A0 /* UnderRightViewController.m in Sources */ = {isa = PBXBuildFile; fileRef = 2750E79F14CDBC32007727A0 /* UnderRightViewController.m */; };
		2750E7AE14CF1306007727A0 /* ECSlidingViewController.m in Sources */ = {isa = PBXBuildFile; fileRef = 2750E7AB14CF1306007727A0 /* ECSlidingViewController.m */; };
		2750E7AF14CF1306007727A0 /* UIImage+ImageWithUIView.m in Sources */ = {isa = PBXBuildFile; fileRef = 2750E7AD14CF1306007727A0 /* UIImage+ImageWithUIView.m */; };
		27FC94E014D0C14E0000B18C /* InitialSlidingViewController.m in Sources */ = {isa = PBXBuildFile; fileRef = 27FC94DF14D0C14E0000B18C /* InitialSlidingViewController.m */; };
		27FC94E314D105C60000B18C /* QuartzCore.framework in Frameworks */ = {isa = PBXBuildFile; fileRef = 27FC94E214D105C60000B18C /* QuartzCore.framework */; };
		3B72C92F165296BA00A52233 /* ECSlidingSegue.m in Sources */ = {isa = PBXBuildFile; fileRef = 3B72C92E165296BA00A52233 /* ECSlidingSegue.m */; };
		3B72C9331652995C00A52233 /* SegueMenuViewController.m in Sources */ = {isa = PBXBuildFile; fileRef = 3B72C9321652995C00A52233 /* SegueMenuViewController.m */; };
		BB439D701727594000B7B3BD /* header.png in Resources */ = {isa = PBXBuildFile; fileRef = BB439D681727594000B7B3BD /* header.png */; };
		BB439D711727594000B7B3BD /* menu-back.png in Resources */ = {isa = PBXBuildFile; fileRef = BB439D691727594000B7B3BD /* menu-back.png */; };
		BB439D721727594000B7B3BD /* menu-new.png in Resources */ = {isa = PBXBuildFile; fileRef = BB439D6A1727594000B7B3BD /* menu-new.png */; };
		BB439D731727594000B7B3BD /* menu-share.png in Resources */ = {isa = PBXBuildFile; fileRef = BB439D6B1727594000B7B3BD /* menu-share.png */; };
		BB439D741727594000B7B3BD /* menu-sideleft.png in Resources */ = {isa = PBXBuildFile; fileRef = BB439D6C1727594000B7B3BD /* menu-sideleft.png */; };
		BB439D751727594000B7B3BD /* menu-sideright.png in Resources */ = {isa = PBXBuildFile; fileRef = BB439D6D1727594000B7B3BD /* menu-sideright.png */; };
		BB439D761727594000B7B3BD /* Screen-Stream.png in Resources */ = {isa = PBXBuildFile; fileRef = BB439D6E1727594000B7B3BD /* Screen-Stream.png */; };
		BB439D771727594000B7B3BD /* tab-stream.png in Resources */ = {isa = PBXBuildFile; fileRef = BB439D6F1727594000B7B3BD /* tab-stream.png */; };
		BB439D7917275CA100B7B3BD /* Default-568h@2x.png in Resources */ = {isa = PBXBuildFile; fileRef = BB439D7817275CA100B7B3BD /* Default-568h@2x.png */; };
		BB439D7C17275CF100B7B3BD /* SideRightMenuViewController.m in Sources */ = {isa = PBXBuildFile; fileRef = BB439D7B17275CF100B7B3BD /* SideRightMenuViewController.m */; };
		BB439D7E17276A6C00B7B3BD /* Icon@2x.png in Resources */ = {isa = PBXBuildFile; fileRef = BB439D7D17276A6C00B7B3BD /* Icon@2x.png */; };
		BB439D8017276A6E00B7B3BD /* Icon.png in Resources */ = {isa = PBXBuildFile; fileRef = BB439D7F17276A6E00B7B3BD /* Icon.png */; };
		BB439D8217276B3900B7B3BD /* SideNavLeft.png in Resources */ = {isa = PBXBuildFile; fileRef = BB439D8117276B3900B7B3BD /* SideNavLeft.png */; };
		BB439D8417276C4F00B7B3BD /* SideNavLeft.png in Resources */ = {isa = PBXBuildFile; fileRef = BB439D8317276C4F00B7B3BD /* SideNavLeft.png */; };
		BB439D8617276CB900B7B3BD /* Nav-Notifications2.png in Resources */ = {isa = PBXBuildFile; fileRef = BB439D8517276CB900B7B3BD /* Nav-Notifications2.png */; };
		BB439D8B1728871E00B7B3BD /* sidenavleft-activity.png in Resources */ = {isa = PBXBuildFile; fileRef = BB439D871728871E00B7B3BD /* sidenavleft-activity.png */; };
		BB439D8C1728871E00B7B3BD /* sidenavleft-play.png in Resources */ = {isa = PBXBuildFile; fileRef = BB439D881728871E00B7B3BD /* sidenavleft-play.png */; };
		BB439D8D1728871E00B7B3BD /* sidenavleft-profile.png in Resources */ = {isa = PBXBuildFile; fileRef = BB439D891728871E00B7B3BD /* sidenavleft-profile.png */; };
		BB439D8E1728871E00B7B3BD /* sidenavleft-rest.png in Resources */ = {isa = PBXBuildFile; fileRef = BB439D8A1728871E00B7B3BD /* sidenavleft-rest.png */; };
		BB439D901728B6D200B7B3BD /* play.png in Resources */ = {isa = PBXBuildFile; fileRef = BB439D8F1728B6D200B7B3BD /* play.png */; };
		BB439D921728B6DB00B7B3BD /* header-search.png in Resources */ = {isa = PBXBuildFile; fileRef = BB439D911728B6DB00B7B3BD /* header-search.png */; };
		BB439D941728BAB900B7B3BD /* profile.png in Resources */ = {isa = PBXBuildFile; fileRef = BB439D931728BAB900B7B3BD /* profile.png */; };
		BB439D971729B6E200B7B3BD /* sidenavleft-search.png in Resources */ = {isa = PBXBuildFile; fileRef = BB439D951729B6E200B7B3BD /* sidenavleft-search.png */; };
		BB439D981729B6E200B7B3BD /* sidenavleft-suggested.png in Resources */ = {isa = PBXBuildFile; fileRef = BB439D961729B6E200B7B3BD /* sidenavleft-suggested.png */; };
/* End PBXBuildFile section */

/* Begin PBXFileReference section */
		27407EEB14D8787E0035FD7F /* iPad.storyboard */ = {isa = PBXFileReference; fileEncoding = 4; lastKnownFileType = file.storyboard; path = iPad.storyboard; sourceTree = "<group>"; };
		27498DCC14E96C75005C043E /* NavigationTopViewController.h */ = {isa = PBXFileReference; fileEncoding = 4; lastKnownFileType = sourcecode.c.h; path = NavigationTopViewController.h; sourceTree = "<group>"; };
		27498DCD14E96C75005C043E /* NavigationTopViewController.m */ = {isa = PBXFileReference; fileEncoding = 4; lastKnownFileType = sourcecode.c.objc; path = NavigationTopViewController.m; sourceTree = "<group>"; };
		27498DD314E96EEF005C043E /* SampleTableViewController.h */ = {isa = PBXFileReference; fileEncoding = 4; lastKnownFileType = sourcecode.c.h; path = SampleTableViewController.h; sourceTree = "<group>"; };
		27498DD414E96EEF005C043E /* SampleTableViewController.m */ = {isa = PBXFileReference; fileEncoding = 4; lastKnownFileType = sourcecode.c.objc; path = SampleTableViewController.m; sourceTree = "<group>"; };
		2750E76C14CDB0DF007727A0 /* ECSlidingViewController.app */ = {isa = PBXFileReference; explicitFileType = wrapper.application; includeInIndex = 0; path = ECSlidingViewController.app; sourceTree = BUILT_PRODUCTS_DIR; };
		2750E77014CDB0DF007727A0 /* UIKit.framework */ = {isa = PBXFileReference; lastKnownFileType = wrapper.framework; name = UIKit.framework; path = System/Library/Frameworks/UIKit.framework; sourceTree = SDKROOT; };
		2750E77214CDB0DF007727A0 /* Foundation.framework */ = {isa = PBXFileReference; lastKnownFileType = wrapper.framework; name = Foundation.framework; path = System/Library/Frameworks/Foundation.framework; sourceTree = SDKROOT; };
		2750E77414CDB0DF007727A0 /* CoreGraphics.framework */ = {isa = PBXFileReference; lastKnownFileType = wrapper.framework; name = CoreGraphics.framework; path = System/Library/Frameworks/CoreGraphics.framework; sourceTree = SDKROOT; };
		2750E77814CDB0DF007727A0 /* ECSlidingViewController-Info.plist */ = {isa = PBXFileReference; lastKnownFileType = text.plist.xml; path = "ECSlidingViewController-Info.plist"; sourceTree = "<group>"; };
		2750E77A14CDB0DF007727A0 /* en */ = {isa = PBXFileReference; lastKnownFileType = text.plist.strings; name = en; path = en.lproj/InfoPlist.strings; sourceTree = "<group>"; };
		2750E77C14CDB0DF007727A0 /* main.m */ = {isa = PBXFileReference; lastKnownFileType = sourcecode.c.objc; path = main.m; sourceTree = "<group>"; };
		2750E77E14CDB0DF007727A0 /* ECSlidingViewController-Prefix.pch */ = {isa = PBXFileReference; lastKnownFileType = sourcecode.c.h; path = "ECSlidingViewController-Prefix.pch"; sourceTree = "<group>"; };
		2750E77F14CDB0DF007727A0 /* AppDelegate.h */ = {isa = PBXFileReference; lastKnownFileType = sourcecode.c.h; path = AppDelegate.h; sourceTree = "<group>"; };
		2750E78014CDB0DF007727A0 /* AppDelegate.m */ = {isa = PBXFileReference; lastKnownFileType = sourcecode.c.objc; path = AppDelegate.m; sourceTree = "<group>"; };
		2750E78714CDB114007727A0 /* iPhone.storyboard */ = {isa = PBXFileReference; fileEncoding = 4; lastKnownFileType = file.storyboard; path = iPhone.storyboard; sourceTree = "<group>"; };
		2750E79214CDB93A007727A0 /* MenuViewController.h */ = {isa = PBXFileReference; fileEncoding = 4; lastKnownFileType = sourcecode.c.h; path = MenuViewController.h; sourceTree = "<group>"; };
		2750E79314CDB93A007727A0 /* MenuViewController.m */ = {isa = PBXFileReference; fileEncoding = 4; lastKnownFileType = sourcecode.c.objc; path = MenuViewController.m; sourceTree = "<group>"; };
		2750E79514CDB959007727A0 /* FirstTopViewController.h */ = {isa = PBXFileReference; fileEncoding = 4; lastKnownFileType = sourcecode.c.h; path = FirstTopViewController.h; sourceTree = "<group>"; };
		2750E79614CDB959007727A0 /* FirstTopViewController.m */ = {isa = PBXFileReference; fileEncoding = 4; lastKnownFileType = sourcecode.c.objc; path = FirstTopViewController.m; sourceTree = "<group>"; };
		2750E79814CDB99A007727A0 /* SecondTopViewController.h */ = {isa = PBXFileReference; fileEncoding = 4; lastKnownFileType = sourcecode.c.h; path = SecondTopViewController.h; sourceTree = "<group>"; };
		2750E79914CDB99A007727A0 /* SecondTopViewController.m */ = {isa = PBXFileReference; fileEncoding = 4; lastKnownFileType = sourcecode.c.objc; path = SecondTopViewController.m; sourceTree = "<group>"; };
		2750E79B14CDBA48007727A0 /* ThirdTopViewController.h */ = {isa = PBXFileReference; fileEncoding = 4; lastKnownFileType = sourcecode.c.h; path = ThirdTopViewController.h; sourceTree = "<group>"; };
		2750E79C14CDBA48007727A0 /* ThirdTopViewController.m */ = {isa = PBXFileReference; fileEncoding = 4; lastKnownFileType = sourcecode.c.objc; path = ThirdTopViewController.m; sourceTree = "<group>"; };
		2750E79E14CDBC32007727A0 /* UnderRightViewController.h */ = {isa = PBXFileReference; fileEncoding = 4; lastKnownFileType = sourcecode.c.h; path = UnderRightViewController.h; sourceTree = "<group>"; };
		2750E79F14CDBC32007727A0 /* UnderRightViewController.m */ = {isa = PBXFileReference; fileEncoding = 4; lastKnownFileType = sourcecode.c.objc; path = UnderRightViewController.m; sourceTree = "<group>"; };
		2750E7AA14CF1306007727A0 /* ECSlidingViewController.h */ = {isa = PBXFileReference; fileEncoding = 4; lastKnownFileType = sourcecode.c.h; path = ECSlidingViewController.h; sourceTree = "<group>"; };
		2750E7AB14CF1306007727A0 /* ECSlidingViewController.m */ = {isa = PBXFileReference; fileEncoding = 4; lastKnownFileType = sourcecode.c.objc; path = ECSlidingViewController.m; sourceTree = "<group>"; };
		2750E7AD14CF1306007727A0 /* UIImage+ImageWithUIView.m */ = {isa = PBXFileReference; fileEncoding = 4; lastKnownFileType = sourcecode.c.objc; path = "UIImage+ImageWithUIView.m"; sourceTree = "<group>"; };
		279E158D14D737F60028A9EE /* UIImage+ImageWithUIView.h */ = {isa = PBXFileReference; fileEncoding = 4; lastKnownFileType = sourcecode.c.h; path = "UIImage+ImageWithUIView.h"; sourceTree = "<group>"; };
		27FC94DE14D0C14E0000B18C /* InitialSlidingViewController.h */ = {isa = PBXFileReference; fileEncoding = 4; lastKnownFileType = sourcecode.c.h; path = InitialSlidingViewController.h; sourceTree = "<group>"; };
		27FC94DF14D0C14E0000B18C /* InitialSlidingViewController.m */ = {isa = PBXFileReference; fileEncoding = 4; lastKnownFileType = sourcecode.c.objc; path = InitialSlidingViewController.m; sourceTree = "<group>"; };
		27FC94E214D105C60000B18C /* QuartzCore.framework */ = {isa = PBXFileReference; lastKnownFileType = wrapper.framework; name = QuartzCore.framework; path = System/Library/Frameworks/QuartzCore.framework; sourceTree = SDKROOT; };
		3B72C92D165296BA00A52233 /* ECSlidingSegue.h */ = {isa = PBXFileReference; fileEncoding = 4; lastKnownFileType = sourcecode.c.h; path = ECSlidingSegue.h; sourceTree = "<group>"; };
		3B72C92E165296BA00A52233 /* ECSlidingSegue.m */ = {isa = PBXFileReference; fileEncoding = 4; lastKnownFileType = sourcecode.c.objc; path = ECSlidingSegue.m; sourceTree = "<group>"; };
		3B72C9311652995C00A52233 /* SegueMenuViewController.h */ = {isa = PBXFileReference; fileEncoding = 4; lastKnownFileType = sourcecode.c.h; path = SegueMenuViewController.h; sourceTree = "<group>"; };
		3B72C9321652995C00A52233 /* SegueMenuViewController.m */ = {isa = PBXFileReference; fileEncoding = 4; lastKnownFileType = sourcecode.c.objc; path = SegueMenuViewController.m; sourceTree = "<group>"; };
		BB439D681727594000B7B3BD /* header.png */ = {isa = PBXFileReference; lastKnownFileType = image.png; path = header.png; sourceTree = "<group>"; };
		BB439D691727594000B7B3BD /* menu-back.png */ = {isa = PBXFileReference; lastKnownFileType = image.png; path = "menu-back.png"; sourceTree = "<group>"; };
		BB439D6A1727594000B7B3BD /* menu-new.png */ = {isa = PBXFileReference; lastKnownFileType = image.png; path = "menu-new.png"; sourceTree = "<group>"; };
		BB439D6B1727594000B7B3BD /* menu-share.png */ = {isa = PBXFileReference; lastKnownFileType = image.png; path = "menu-share.png"; sourceTree = "<group>"; };
		BB439D6C1727594000B7B3BD /* menu-sideleft.png */ = {isa = PBXFileReference; lastKnownFileType = image.png; path = "menu-sideleft.png"; sourceTree = "<group>"; };
		BB439D6D1727594000B7B3BD /* menu-sideright.png */ = {isa = PBXFileReference; lastKnownFileType = image.png; path = "menu-sideright.png"; sourceTree = "<group>"; };
		BB439D6E1727594000B7B3BD /* Screen-Stream.png */ = {isa = PBXFileReference; lastKnownFileType = image.png; path = "Screen-Stream.png"; sourceTree = "<group>"; };
		BB439D6F1727594000B7B3BD /* tab-stream.png */ = {isa = PBXFileReference; lastKnownFileType = image.png; path = "tab-stream.png"; sourceTree = "<group>"; };
		BB439D7817275CA100B7B3BD /* Default-568h@2x.png */ = {isa = PBXFileReference; lastKnownFileType = image.png; path = "Default-568h@2x.png"; sourceTree = "<group>"; };
		BB439D7A17275CF100B7B3BD /* SideRightMenuViewController.h */ = {isa = PBXFileReference; fileEncoding = 4; lastKnownFileType = sourcecode.c.h; path = SideRightMenuViewController.h; sourceTree = "<group>"; };
		BB439D7B17275CF100B7B3BD /* SideRightMenuViewController.m */ = {isa = PBXFileReference; fileEncoding = 4; lastKnownFileType = sourcecode.c.objc; path = SideRightMenuViewController.m; sourceTree = "<group>"; };
		BB439D7D17276A6C00B7B3BD /* Icon@2x.png */ = {isa = PBXFileReference; lastKnownFileType = image.png; path = "Icon@2x.png"; sourceTree = "<group>"; };
		BB439D7F17276A6E00B7B3BD /* Icon.png */ = {isa = PBXFileReference; lastKnownFileType = image.png; path = Icon.png; sourceTree = "<group>"; };
		BB439D8117276B3900B7B3BD /* SideNavLeft.png */ = {isa = PBXFileReference; lastKnownFileType = image.png; path = SideNavLeft.png; sourceTree = "<group>"; };
		BB439D8317276C4F00B7B3BD /* SideNavLeft.png */ = {isa = PBXFileReference; lastKnownFileType = image.png; path = SideNavLeft.png; sourceTree = "<group>"; };
		BB439D8517276CB900B7B3BD /* Nav-Notifications2.png */ = {isa = PBXFileReference; lastKnownFileType = image.png; path = "Nav-Notifications2.png"; sourceTree = "<group>"; };
		BB439D871728871E00B7B3BD /* sidenavleft-activity.png */ = {isa = PBXFileReference; lastKnownFileType = image.png; path = "sidenavleft-activity.png"; sourceTree = "<group>"; };
		BB439D881728871E00B7B3BD /* sidenavleft-play.png */ = {isa = PBXFileReference; lastKnownFileType = image.png; path = "sidenavleft-play.png"; sourceTree = "<group>"; };
		BB439D891728871E00B7B3BD /* sidenavleft-profile.png */ = {isa = PBXFileReference; lastKnownFileType = image.png; path = "sidenavleft-profile.png"; sourceTree = "<group>"; };
		BB439D8A1728871E00B7B3BD /* sidenavleft-rest.png */ = {isa = PBXFileReference; lastKnownFileType = image.png; path = "sidenavleft-rest.png"; sourceTree = "<group>"; };
		BB439D8F1728B6D200B7B3BD /* play.png */ = {isa = PBXFileReference; lastKnownFileType = image.png; path = play.png; sourceTree = "<group>"; };
		BB439D911728B6DB00B7B3BD /* header-search.png */ = {isa = PBXFileReference; lastKnownFileType = image.png; path = "header-search.png"; sourceTree = "<group>"; };
		BB439D931728BAB900B7B3BD /* profile.png */ = {isa = PBXFileReference; lastKnownFileType = image.png; path = profile.png; sourceTree = "<group>"; };
		BB439D951729B6E200B7B3BD /* sidenavleft-search.png */ = {isa = PBXFileReference; lastKnownFileType = image.png; path = "sidenavleft-search.png"; sourceTree = "<group>"; };
		BB439D961729B6E200B7B3BD /* sidenavleft-suggested.png */ = {isa = PBXFileReference; lastKnownFileType = image.png; path = "sidenavleft-suggested.png"; sourceTree = "<group>"; };
/* End PBXFileReference section */

/* Begin PBXFrameworksBuildPhase section */
		2750E76914CDB0DF007727A0 /* Frameworks */ = {
			isa = PBXFrameworksBuildPhase;
			buildActionMask = 2147483647;
			files = (
				27FC94E314D105C60000B18C /* QuartzCore.framework in Frameworks */,
				2750E77114CDB0DF007727A0 /* UIKit.framework in Frameworks */,
				2750E77314CDB0DF007727A0 /* Foundation.framework in Frameworks */,
				2750E77514CDB0DF007727A0 /* CoreGraphics.framework in Frameworks */,
			);
			runOnlyForDeploymentPostprocessing = 0;
		};
/* End PBXFrameworksBuildPhase section */

/* Begin PBXGroup section */
		2750E76114CDB0DF007727A0 = {
			isa = PBXGroup;
			children = (
				BB439D7F17276A6E00B7B3BD /* Icon.png */,
				BB439D7D17276A6C00B7B3BD /* Icon@2x.png */,
				BB439D7817275CA100B7B3BD /* Default-568h@2x.png */,
				2750E77614CDB0DF007727A0 /* ECSlidingViewController */,
				2750E76F14CDB0DF007727A0 /* Frameworks */,
				2750E76D14CDB0DF007727A0 /* Products */,
			);
			sourceTree = "<group>";
		};
		2750E76D14CDB0DF007727A0 /* Products */ = {
			isa = PBXGroup;
			children = (
				2750E76C14CDB0DF007727A0 /* ECSlidingViewController.app */,
			);
			name = Products;
			sourceTree = "<group>";
		};
		2750E76F14CDB0DF007727A0 /* Frameworks */ = {
			isa = PBXGroup;
			children = (
				2750E77414CDB0DF007727A0 /* CoreGraphics.framework */,
				2750E77214CDB0DF007727A0 /* Foundation.framework */,
				27FC94E214D105C60000B18C /* QuartzCore.framework */,
				2750E77014CDB0DF007727A0 /* UIKit.framework */,
			);
			name = Frameworks;
			sourceTree = "<group>";
		};
		2750E77614CDB0DF007727A0 /* ECSlidingViewController */ = {
			isa = PBXGroup;
			children = (
				BB439D671727591C00B7B3BD /* Images */,
				2750E78A14CDB1CF007727A0 /* Controllers */,
				2750E78914CDB1C7007727A0 /* Vendor */,
				2750E77F14CDB0DF007727A0 /* AppDelegate.h */,
				2750E78014CDB0DF007727A0 /* AppDelegate.m */,
				2750E77714CDB0DF007727A0 /* Supporting Files */,
				2750E78714CDB114007727A0 /* iPhone.storyboard */,
				27407EEB14D8787E0035FD7F /* iPad.storyboard */,
			);
			path = ECSlidingViewController;
			sourceTree = "<group>";
		};
		2750E77714CDB0DF007727A0 /* Supporting Files */ = {
			isa = PBXGroup;
			children = (
				2750E77814CDB0DF007727A0 /* ECSlidingViewController-Info.plist */,
				2750E77914CDB0DF007727A0 /* InfoPlist.strings */,
				2750E77C14CDB0DF007727A0 /* main.m */,
				2750E77E14CDB0DF007727A0 /* ECSlidingViewController-Prefix.pch */,
			);
			name = "Supporting Files";
			sourceTree = "<group>";
		};
		2750E78914CDB1C7007727A0 /* Vendor */ = {
			isa = PBXGroup;
			children = (
				2750E7A914CF1306007727A0 /* ECSlidingViewController */,
			);
			name = Vendor;
			sourceTree = "<group>";
		};
		2750E78A14CDB1CF007727A0 /* Controllers */ = {
			isa = PBXGroup;
			children = (
				2750E79514CDB959007727A0 /* FirstTopViewController.h */,
				2750E79614CDB959007727A0 /* FirstTopViewController.m */,
				27FC94DE14D0C14E0000B18C /* InitialSlidingViewController.h */,
				27FC94DF14D0C14E0000B18C /* InitialSlidingViewController.m */,
				2750E79214CDB93A007727A0 /* MenuViewController.h */,
				2750E79314CDB93A007727A0 /* MenuViewController.m */,
				27498DCC14E96C75005C043E /* NavigationTopViewController.h */,
				27498DCD14E96C75005C043E /* NavigationTopViewController.m */,
				27498DD314E96EEF005C043E /* SampleTableViewController.h */,
				27498DD414E96EEF005C043E /* SampleTableViewController.m */,
				2750E79814CDB99A007727A0 /* SecondTopViewController.h */,
				2750E79914CDB99A007727A0 /* SecondTopViewController.m */,
				3B72C9311652995C00A52233 /* SegueMenuViewController.h */,
				3B72C9321652995C00A52233 /* SegueMenuViewController.m */,
				2750E79B14CDBA48007727A0 /* ThirdTopViewController.h */,
				2750E79C14CDBA48007727A0 /* ThirdTopViewController.m */,
				2750E79E14CDBC32007727A0 /* UnderRightViewController.h */,
				2750E79F14CDBC32007727A0 /* UnderRightViewController.m */,
				BB439D7A17275CF100B7B3BD /* SideRightMenuViewController.h */,
				BB439D7B17275CF100B7B3BD /* SideRightMenuViewController.m */,
			);
			name = Controllers;
			sourceTree = "<group>";
		};
		2750E7A914CF1306007727A0 /* ECSlidingViewController */ = {
			isa = PBXGroup;
			children = (
				3B72C92D165296BA00A52233 /* ECSlidingSegue.h */,
				3B72C92E165296BA00A52233 /* ECSlidingSegue.m */,
				2750E7AA14CF1306007727A0 /* ECSlidingViewController.h */,
				2750E7AB14CF1306007727A0 /* ECSlidingViewController.m */,
				279E158D14D737F60028A9EE /* UIImage+ImageWithUIView.h */,
				2750E7AD14CF1306007727A0 /* UIImage+ImageWithUIView.m */,
			);
			name = ECSlidingViewController;
			path = Vendor/ECSlidingViewController;
			sourceTree = "<group>";
		};
		BB439D671727591C00B7B3BD /* Images */ = {
			isa = PBXGroup;
			children = (
				BB439D8517276CB900B7B3BD /* Nav-Notifications2.png */,
				BB439D8F1728B6D200B7B3BD /* play.png */,
				BB439D911728B6DB00B7B3BD /* header-search.png */,
				BB439D681727594000B7B3BD /* header.png */,
				BB439D691727594000B7B3BD /* menu-back.png */,
				BB439D8317276C4F00B7B3BD /* SideNavLeft.png */,
				BB439D8117276B3900B7B3BD /* SideNavLeft.png */,
				BB439D871728871E00B7B3BD /* sidenavleft-activity.png */,
				BB439D931728BAB900B7B3BD /* profile.png */,
				BB439D881728871E00B7B3BD /* sidenavleft-play.png */,
				BB439D891728871E00B7B3BD /* sidenavleft-profile.png */,
				BB439D951729B6E200B7B3BD /* sidenavleft-search.png */,
				BB439D961729B6E200B7B3BD /* sidenavleft-suggested.png */,
				BB439D8A1728871E00B7B3BD /* sidenavleft-rest.png */,
				BB439D6A1727594000B7B3BD /* menu-new.png */,
				BB439D6B1727594000B7B3BD /* menu-share.png */,
				BB439D6C1727594000B7B3BD /* menu-sideleft.png */,
				BB439D6D1727594000B7B3BD /* menu-sideright.png */,
				BB439D6E1727594000B7B3BD /* Screen-Stream.png */,
				BB439D6F1727594000B7B3BD /* tab-stream.png */,
			);
			name = Images;
			sourceTree = "<group>";
		};
/* End PBXGroup section */

/* Begin PBXNativeTarget section */
		2750E76B14CDB0DF007727A0 /* ECSlidingViewController */ = {
			isa = PBXNativeTarget;
			buildConfigurationList = 2750E78414CDB0DF007727A0 /* Build configuration list for PBXNativeTarget "ECSlidingViewController" */;
			buildPhases = (
				2750E76814CDB0DF007727A0 /* Sources */,
				2750E76914CDB0DF007727A0 /* Frameworks */,
				2750E76A14CDB0DF007727A0 /* Resources */,
			);
			buildRules = (
			);
			dependencies = (
			);
			name = ECSlidingViewController;
			productName = ECSlidingViewController;
			productReference = 2750E76C14CDB0DF007727A0 /* ECSlidingViewController.app */;
			productType = "com.apple.product-type.application";
		};
/* End PBXNativeTarget section */

/* Begin PBXProject section */
		2750E76314CDB0DF007727A0 /* Project object */ = {
			isa = PBXProject;
			attributes = {
				LastUpgradeCheck = 0420;
			};
			buildConfigurationList = 2750E76614CDB0DF007727A0 /* Build configuration list for PBXProject "ECSlidingViewController" */;
			compatibilityVersion = "Xcode 3.2";
			developmentRegion = English;
			hasScannedForEncodings = 0;
			knownRegions = (
				en,
			);
			mainGroup = 2750E76114CDB0DF007727A0;
			productRefGroup = 2750E76D14CDB0DF007727A0 /* Products */;
			projectDirPath = "";
			projectRoot = "";
			targets = (
				2750E76B14CDB0DF007727A0 /* ECSlidingViewController */,
			);
		};
/* End PBXProject section */

/* Begin PBXResourcesBuildPhase section */
		2750E76A14CDB0DF007727A0 /* Resources */ = {
			isa = PBXResourcesBuildPhase;
			buildActionMask = 2147483647;
			files = (
				2750E77B14CDB0DF007727A0 /* InfoPlist.strings in Resources */,
				2750E78814CDB114007727A0 /* iPhone.storyboard in Resources */,
				27407EEC14D8787E0035FD7F /* iPad.storyboard in Resources */,
				BB439D701727594000B7B3BD /* header.png in Resources */,
				BB439D711727594000B7B3BD /* menu-back.png in Resources */,
				BB439D721727594000B7B3BD /* menu-new.png in Resources */,
				BB439D731727594000B7B3BD /* menu-share.png in Resources */,
				BB439D741727594000B7B3BD /* menu-sideleft.png in Resources */,
				BB439D751727594000B7B3BD /* menu-sideright.png in Resources */,
				BB439D761727594000B7B3BD /* Screen-Stream.png in Resources */,
				BB439D771727594000B7B3BD /* tab-stream.png in Resources */,
				BB439D7917275CA100B7B3BD /* Default-568h@2x.png in Resources */,
				BB439D7E17276A6C00B7B3BD /* Icon@2x.png in Resources */,
				BB439D8017276A6E00B7B3BD /* Icon.png in Resources */,
				BB439D8217276B3900B7B3BD /* SideNavLeft.png in Resources */,
				BB439D8417276C4F00B7B3BD /* SideNavLeft.png in Resources */,
				BB439D8617276CB900B7B3BD /* Nav-Notifications2.png in Resources */,
				BB439D8B1728871E00B7B3BD /* sidenavleft-activity.png in Resources */,
				BB439D8C1728871E00B7B3BD /* sidenavleft-play.png in Resources */,
				BB439D8D1728871E00B7B3BD /* sidenavleft-profile.png in Resources */,
				BB439D8E1728871E00B7B3BD /* sidenavleft-rest.png in Resources */,
				BB439D901728B6D200B7B3BD /* play.png in Resources */,
				BB439D921728B6DB00B7B3BD /* header-search.png in Resources */,
				BB439D941728BAB900B7B3BD /* profile.png in Resources */,
				BB439D971729B6E200B7B3BD /* sidenavleft-search.png in Resources */,
				BB439D981729B6E200B7B3BD /* sidenavleft-suggested.png in Resources */,
			);
			runOnlyForDeploymentPostprocessing = 0;
		};
/* End PBXResourcesBuildPhase section */

/* Begin PBXSourcesBuildPhase section */
		2750E76814CDB0DF007727A0 /* Sources */ = {
			isa = PBXSourcesBuildPhase;
			buildActionMask = 2147483647;
			files = (
				2750E77D14CDB0DF007727A0 /* main.m in Sources */,
				2750E78114CDB0DF007727A0 /* AppDelegate.m in Sources */,
				2750E79414CDB93A007727A0 /* MenuViewController.m in Sources */,
				2750E79714CDB959007727A0 /* FirstTopViewController.m in Sources */,
				2750E79A14CDB99A007727A0 /* SecondTopViewController.m in Sources */,
				2750E79D14CDBA48007727A0 /* ThirdTopViewController.m in Sources */,
				2750E7A014CDBC32007727A0 /* UnderRightViewController.m in Sources */,
				2750E7AE14CF1306007727A0 /* ECSlidingViewController.m in Sources */,
				2750E7AF14CF1306007727A0 /* UIImage+ImageWithUIView.m in Sources */,
				27FC94E014D0C14E0000B18C /* InitialSlidingViewController.m in Sources */,
				27498DCE14E96C75005C043E /* NavigationTopViewController.m in Sources */,
				27498DD514E96EEF005C043E /* SampleTableViewController.m in Sources */,
				3B72C92F165296BA00A52233 /* ECSlidingSegue.m in Sources */,
				3B72C9331652995C00A52233 /* SegueMenuViewController.m in Sources */,
				BB439D7C17275CF100B7B3BD /* SideRightMenuViewController.m in Sources */,
			);
			runOnlyForDeploymentPostprocessing = 0;
		};
/* End PBXSourcesBuildPhase section */

/* Begin PBXVariantGroup section */
		2750E77914CDB0DF007727A0 /* InfoPlist.strings */ = {
			isa = PBXVariantGroup;
			children = (
				2750E77A14CDB0DF007727A0 /* en */,
			);
			name = InfoPlist.strings;
			sourceTree = "<group>";
		};
/* End PBXVariantGroup section */

/* Begin XCBuildConfiguration section */
		2750E78214CDB0DF007727A0 /* Debug */ = {
			isa = XCBuildConfiguration;
			buildSettings = {
				ALWAYS_SEARCH_USER_PATHS = NO;
				ARCHS = "$(ARCHS_STANDARD_32_BIT)";
				CLANG_ENABLE_OBJC_ARC = YES;
				CLANG_WARN_CONSTANT_CONVERSION = YES;
				CLANG_WARN_ENUM_CONVERSION = YES;
				CLANG_WARN_INT_CONVERSION = YES;
				CLANG_WARN__DUPLICATE_METHOD_MATCH = YES;
				CODE_SIGN_IDENTITY = "iPhone Developer: Meng To (C9AEE5G4U5)";
				"CODE_SIGN_IDENTITY[sdk=iphoneos*]" = "iPhone Developer";
				COPY_PHASE_STRIP = NO;
				GCC_C_LANGUAGE_STANDARD = gnu99;
				GCC_DYNAMIC_NO_PIC = NO;
				GCC_OPTIMIZATION_LEVEL = 0;
				GCC_PREPROCESSOR_DEFINITIONS = (
					"DEBUG=1",
					"$(inherited)",
				);
				GCC_SYMBOLS_PRIVATE_EXTERN = NO;
				GCC_VERSION = com.apple.compilers.llvm.clang.1_0;
				GCC_WARN_ABOUT_MISSING_PROTOTYPES = YES;
				GCC_WARN_ABOUT_RETURN_TYPE = YES;
				GCC_WARN_UNINITIALIZED_AUTOS = YES;
				GCC_WARN_UNUSED_VARIABLE = YES;
				IPHONEOS_DEPLOYMENT_TARGET = 5.0;
				PROVISIONING_PROFILE = "";
				SDKROOT = iphoneos;
			};
			name = Debug;
		};
		2750E78314CDB0DF007727A0 /* Release */ = {
			isa = XCBuildConfiguration;
			buildSettings = {
				ALWAYS_SEARCH_USER_PATHS = NO;
				ARCHS = "$(ARCHS_STANDARD_32_BIT)";
				CLANG_ENABLE_OBJC_ARC = YES;
				CLANG_WARN_CONSTANT_CONVERSION = YES;
				CLANG_WARN_ENUM_CONVERSION = YES;
				CLANG_WARN_INT_CONVERSION = YES;
				CLANG_WARN__DUPLICATE_METHOD_MATCH = YES;
				CODE_SIGN_IDENTITY = "iPhone Developer: Meng To (C9AEE5G4U5)";
				"CODE_SIGN_IDENTITY[sdk=iphoneos*]" = "iPhone Developer";
				COPY_PHASE_STRIP = YES;
				GCC_C_LANGUAGE_STANDARD = gnu99;
				GCC_VERSION = com.apple.compilers.llvm.clang.1_0;
				GCC_WARN_ABOUT_MISSING_PROTOTYPES = YES;
				GCC_WARN_ABOUT_RETURN_TYPE = YES;
				GCC_WARN_UNINITIALIZED_AUTOS = YES;
				GCC_WARN_UNUSED_VARIABLE = YES;
				IPHONEOS_DEPLOYMENT_TARGET = 5.0;
				OTHER_CFLAGS = "-DNS_BLOCK_ASSERTIONS=1";
				PROVISIONING_PROFILE = "";
				SDKROOT = iphoneos;
				VALIDATE_PRODUCT = YES;
			};
			name = Release;
		};
		2750E78514CDB0DF007727A0 /* Debug */ = {
			isa = XCBuildConfiguration;
			buildSettings = {
				GCC_PRECOMPILE_PREFIX_HEADER = YES;
				GCC_PREFIX_HEADER = "ECSlidingViewController/ECSlidingViewController-Prefix.pch";
				INFOPLIST_FILE = "ECSlidingViewController/ECSlidingViewController-Info.plist";
				IPHONEOS_DEPLOYMENT_TARGET = 5.0;
				PRODUCT_NAME = "$(TARGET_NAME)";
				TARGETED_DEVICE_FAMILY = "1,2";
				WRAPPER_EXTENSION = app;
			};
			name = Debug;
		};
		2750E78614CDB0DF007727A0 /* Release */ = {
			isa = XCBuildConfiguration;
			buildSettings = {
				GCC_PRECOMPILE_PREFIX_HEADER = YES;
				GCC_PREFIX_HEADER = "ECSlidingViewController/ECSlidingViewController-Prefix.pch";
				INFOPLIST_FILE = "ECSlidingViewController/ECSlidingViewController-Info.plist";
				IPHONEOS_DEPLOYMENT_TARGET = 5.0;
				PRODUCT_NAME = "$(TARGET_NAME)";
				TARGETED_DEVICE_FAMILY = "1,2";
				WRAPPER_EXTENSION = app;
			};
			name = Release;
		};
/* End XCBuildConfiguration section */

/* Begin XCConfigurationList section */
		2750E76614CDB0DF007727A0 /* Build configuration list for PBXProject "ECSlidingViewController" */ = {
			isa = XCConfigurationList;
			buildConfigurations = (
				2750E78214CDB0DF007727A0 /* Debug */,
				2750E78314CDB0DF007727A0 /* Release */,
			);
			defaultConfigurationIsVisible = 0;
			defaultConfigurationName = Release;
		};
		2750E78414CDB0DF007727A0 /* Build configuration list for PBXNativeTarget "ECSlidingViewController" */ = {
			isa = XCConfigurationList;
			buildConfigurations = (
				2750E78514CDB0DF007727A0 /* Debug */,
				2750E78614CDB0DF007727A0 /* Release */,
			);
			defaultConfigurationIsVisible = 0;
			defaultConfigurationName = Release;
		};
/* End XCConfigurationList section */
	};
	rootObject = 2750E76314CDB0DF007727A0 /* Project object */;
}
